
Microsoft Visual Studio Solution File, Format Version 12.00
# Visual Studio Version 17
VisualStudioVersion = 17.2.32516.85
MinimumVisualStudioVersion = 10.0.40219.1
Project("{9A19103F-16F7-4668-BE54-9A1E7A4F7556}") = "TournamentPlannerAPI", "TournamentPlannerAPI.csproj", "{58B1CBF5-7F1B-4C30-8036-D33B09FC2B1E}"
EndProject
Global
	GlobalSection(SolutionConfigurationPlatforms) = preSolution
		Debug|Any CPU = Debug|Any CPU
		Release|Any CPU = Release|Any CPU
	EndGlobalSection
	GlobalSection(ProjectConfigurationPlatforms) = postSolution
		{58B1CBF5-7F1B-4C30-8036-D33B09FC2B1E}.Debug|Any CPU.ActiveCfg = Debug|Any CPU
		{58B1CBF5-7F1B-4C30-8036-D33B09FC2B1E}.Debug|Any CPU.Build.0 = Debug|Any CPU
		{58B1CBF5-7F1B-4C30-8036-D33B09FC2B1E}.Release|Any CPU.ActiveCfg = Release|Any CPU
		{58B1CBF5-7F1B-4C30-8036-D33B09FC2B1E}.Release|Any CPU.Build.0 = Release|Any CPU
	EndGlobalSection
	GlobalSection(SolutionProperties) = preSolution
		HideSolutionNode = FALSE
	EndGlobalSection
	GlobalSection(ExtensibilityGlobals) = postSolution
		SolutionGuid = {B4999C62-8CC6-4C2A-A18B-5F6F16957CF6}
	EndGlobalSection
EndGlobal
